
Microsoft Visual Studio Solution File, Format Version 12.00
# Visual Studio Version 17
VisualStudioVersion = 17.4.33213.308
MinimumVisualStudioVersion = 10.0.40219.1
Project("{FAE04EC0-301F-11D3-BF4B-00C04F79EFBC}") = "VaryingVMPrototype", "VaryingVMPrototype\VaryingVMPrototype.csproj", "{0A11E1AF-A149-4801-A8F4-8488A7F5E72E}"
EndProject
Global
	GlobalSection(SolutionConfigurationPlatforms) = preSolution
		Debug|Any CPU = Debug|Any CPU
		Release|Any CPU = Release|Any CPU
	EndGlobalSection
	GlobalSection(ProjectConfigurationPlatforms) = postSolution
		{0A11E1AF-A149-4801-A8F4-8488A7F5E72E}.Debug|Any CPU.ActiveCfg = Debug|Any CPU
		{0A11E1AF-A149-4801-A8F4-8488A7F5E72E}.Debug|Any CPU.Build.0 = Debug|Any CPU
		{0A11E1AF-A149-4801-A8F4-8488A7F5E72E}.Release|Any CPU.ActiveCfg = Release|Any CPU
		{0A11E1AF-A149-4801-A8F4-8488A7F5E72E}.Release|Any CPU.Build.0 = Release|Any CPU
	EndGlobalSection
	GlobalSection(SolutionProperties) = preSolution
		HideSolutionNode = FALSE
	EndGlobalSection
	GlobalSection(ExtensibilityGlobals) = postSolution
		SolutionGuid = {91AACC0D-17DC-4239-9725-EBD7C4BFCADC}
	EndGlobalSection
EndGlobal
